
Microsoft Visual Studio Solution File, Format Version 12.00
# Visual Studio 15
VisualStudioVersion = 15.0.28307.757
MinimumVisualStudioVersion = 10.0.40219.1
Project("{FAE04EC0-301F-11D3-BF4B-00C04F79EFBC}") = "TableauServerRESTAPIWrapper", "TableauServerRESTAPIWrapper\TableauServerRESTAPIWrapper.csproj", "{430FE13A-DACE-4E35-82C0-0803163492E3}"
EndProject
Project("{2150E333-8FDC-42A3-9474-1A3956D46DE8}") = "Solution Items", "Solution Items", "{AE9137E1-0424-477C-B754-C7A4C3DA36CC}"
	ProjectSection(SolutionItems) = preProject
		Notes.txt = Notes.txt
	EndProjectSection
EndProject
Project("{FAE04EC0-301F-11D3-BF4B-00C04F79EFBC}") = "TableauServerRESTAPIWrapper.Tests", "TableauServerRESTAPIWrapper.Tests\TableauServerRESTAPIWrapper.Tests.csproj", "{35CA226E-60E3-4133-95AF-EB2B77F861F4}"
EndProject
Global
	GlobalSection(SolutionConfigurationPlatforms) = preSolution
		Debug|Any CPU = Debug|Any CPU
		Release|Any CPU = Release|Any CPU
	EndGlobalSection
	GlobalSection(ProjectConfigurationPlatforms) = postSolution
		{430FE13A-DACE-4E35-82C0-0803163492E3}.Debug|Any CPU.ActiveCfg = Debug|Any CPU
		{430FE13A-DACE-4E35-82C0-0803163492E3}.Debug|Any CPU.Build.0 = Debug|Any CPU
		{430FE13A-DACE-4E35-82C0-0803163492E3}.Release|Any CPU.ActiveCfg = Release|Any CPU
		{430FE13A-DACE-4E35-82C0-0803163492E3}.Release|Any CPU.Build.0 = Release|Any CPU
		{35CA226E-60E3-4133-95AF-EB2B77F861F4}.Debug|Any CPU.ActiveCfg = Debug|Any CPU
		{35CA226E-60E3-4133-95AF-EB2B77F861F4}.Debug|Any CPU.Build.0 = Debug|Any CPU
		{35CA226E-60E3-4133-95AF-EB2B77F861F4}.Release|Any CPU.ActiveCfg = Release|Any CPU
		{35CA226E-60E3-4133-95AF-EB2B77F861F4}.Release|Any CPU.Build.0 = Release|Any CPU
	EndGlobalSection
	GlobalSection(SolutionProperties) = preSolution
		HideSolutionNode = FALSE
	EndGlobalSection
	GlobalSection(ExtensibilityGlobals) = postSolution
		SolutionGuid = {7FB6581B-AEB6-43BD-8CAB-76D1A0E1D907}
	EndGlobalSection
EndGlobal
